hash: addc471b01d2f949579729d6ee07299efbb662e6c38dc555703b162550f14e3c
updated: 2018-02-10T08:45:48.93112+01:00
imports:
- name: github.com/Azure/go-autorest
  version: 5a06e9ddbe3c22262059b8e061777b9934f982bd
  subpackages:
  - autorest/adal
  - autorest/date
  - autorest/mocks
- name: github.com/dgrijalva/jwt-go
  version: dbeaa9332f19a944acb5736b4456cfcc02140e29
- name: golang.org/x/crypto
  version: d172538b2cfce0c13cee31e647d0367aa8cd2486
  subpackages:
  - pkcs12
  - pkcs12/internal/rc2
testImports: []
