# This file is autogenerated, do not edit; changes may be undone by the next 'dep ensure'.


[[projects]]
  name = "github.com/Azure/go-autorest"
  packages = [
    "autorest/adal",
    "autorest/date",
    "autorest/mocks"
  ]
  revision = "eaa7994b2278094c904d31993d26f56324db3052"
  version = "v10.8.1"

[[projects]]
  name = "github.com/dgrijalva/jwt-go"
  packages = ["."]
  revision = "06ea1031745cb8b3dab3f6a236daf2b0aa468b7e"
  version = "v3.2.0"

[[projects]]
  branch = "master"
  name = "golang.org/x/crypto"
  packages = [
    "pkcs12",
    "pkcs12/internal/rc2"
  ]
  revision = "4ec37c66abab2c7e02ae775328b2ff001c3f025a"

[solve-meta]
  analyzer-name = "dep"
  analyzer-version = 1
  inputs-digest = "3e15f30975e16d68000f3b34eaa82635775f332f5afa4a005bd875f361f3f828"
  solver-name = "gps-cdcl"
  solver-version = 1
